// !$*UTF8*$!
{
	archiveVersion = 1;
	classes = {
	};
	objectVersion = 50;
	objects = {

/* Begin PBXBuildFile section */
		41904A3326A99931003CEA7F /* AppDelegate.swift in Sources */ = {isa = PBXBuildFile; fileRef = 41904A3226A99931003CEA7F /* AppDelegate.swift */; };
		41904A3526A99931003CEA7F /* SceneDelegate.swift in Sources */ = {isa = PBXBuildFile; fileRef = 41904A3426A99931003CEA7F /* SceneDelegate.swift */; };
		41904A3726A99931003CEA7F /* ViewController.swift in Sources */ = {isa = PBXBuildFile; fileRef = 41904A3626A99931003CEA7F /* ViewController.swift */; };
		41904A3A26A99931003CEA7F /* Main.storyboard in Resources */ = {isa = PBXBuildFile; fileRef = 41904A3826A99931003CEA7F /* Main.storyboard */; };
		41904A3D26A99931003CEA7F /* example23.xcdatamodeld in Sources */ = {isa = PBXBuildFile; fileRef = 41904A3B26A99931003CEA7F /* example23.xcdatamodeld */; };
		41904A3F26A9993B003CEA7F /* Assets.xcassets in Resources */ = {isa = PBXBuildFile; fileRef = 41904A3E26A9993B003CEA7F /* Assets.xcassets */; };
		41904A4226A9993B003CEA7F /* LaunchScreen.storyboard in Resources */ = {isa = PBXBuildFile; fileRef = 41904A4026A9993B003CEA7F /* LaunchScreen.storyboard */; };
		41904A4C26A9A650003CEA7F /* ReadViewController.swift in Sources */ = {isa = PBXBuildFile; fileRef = 41904A4B26A9A650003CEA7F /* ReadViewController.swift */; };
/* End PBXBuildFile section */

/* Begin PBXFileReference section */
		41904A2F26A99931003CEA7F /* example23.app */ = {isa = PBXFileReference; explicitFileType = wrapper.application; includeInIndex = 0; path = example23.app; sourceTree = BUILT_PRODUCTS_DIR; };
		41904A3226A99931003CEA7F /* AppDelegate.swift */ = {isa = PBXFileReference; lastKnownFileType = sourcecode.swift; path = AppDelegate.swift; sourceTree = "<group>"; };
		41904A3426A99931003CEA7F /* SceneDelegate.swift */ = {isa = PBXFileReference; lastKnownFileType = sourcecode.swift; path = SceneDelegate.swift; sourceTree = "<group>"; };
		41904A3626A99931003CEA7F /* ViewController.swift */ = {isa = PBXFileReference; lastKnownFileType = sourcecode.swift; path = ViewController.swift; sourceTree = "<group>"; };
		41904A3926A99931003CEA7F /* Base */ = {isa = PBXFileReference; lastKnownFileType = file.storyboard; name = Base; path = Base.lproj/Main.storyboard; sourceTree = "<group>"; };
		41904A3C26A99931003CEA7F /* example23.xcdatamodel */ = {isa = PBXFileReference; lastKnownFileType = wrapper.xcdatamodel; path = example23.xcdatamodel; sourceTree = "<group>"; };
		41904A3E26A9993B003CEA7F /* Assets.xcassets */ = {isa = PBXFileReference; lastKnownFileType = folder.assetcatalog; path = Assets.xcassets; sourceTree = "<group>"; };
		41904A4126A9993B003CEA7F /* Base */ = {isa = PBXFileReference; lastKnownFileType = file.storyboard; name = Base; path = Base.lproj/LaunchScreen.storyboard; sourceTree = "<group>"; };
		41904A4326A9993B003CEA7F /* Info.plist */ = {isa = PBXFileReference; lastKnownFileType = text.plist.xml; path = Info.plist; sourceTree = "<group>"; };
		41904A4B26A9A650003CEA7F /* ReadViewController.swift */ = {isa = PBXFileReference; lastKnownFileType = sourcecode.swift; path = ReadViewController.swift; sourceTree = "<group>"; };
/* End PBXFileReference section */

/* Begin PBXFrameworksBuildPhase section */
		41904A2C26A99931003CEA7F /* Frameworks */ = {
			isa = PBXFrameworksBuildPhase;
			buildActionMask = 2147483647;
			files = (
			);
			runOnlyForDeploymentPostprocessing = 0;
		};
/* End PBXFrameworksBuildPhase section */

/* Begin PBXGroup section */
		41904A2626A99931003CEA7F = {
			isa = PBXGroup;
			children = (
				41904A3126A99931003CEA7F /* example23 */,
				41904A3026A99931003CEA7F /* Products */,
			);
			sourceTree = "<group>";
		};
		41904A3026A99931003CEA7F /* Products */ = {
			isa = PBXGroup;
			children = (
				41904A2F26A99931003CEA7F /* example23.app */,
			);
			name = Products;
			sourceTree = "<group>";
		};
		41904A3126A99931003CEA7F /* example23 */ = {
			isa = PBXGroup;
			children = (
				41904A3226A99931003CEA7F /* AppDelegate.swift */,
				41904A3426A99931003CEA7F /* SceneDelegate.swift */,
				41904A3626A99931003CEA7F /* ViewController.swift */,
				41904A3826A99931003CEA7F /* Main.storyboard */,
				41904A3E26A9993B003CEA7F /* Assets.xcassets */,
				41904A4026A9993B003CEA7F /* LaunchScreen.storyboard */,
				41904A4326A9993B003CEA7F /* Info.plist */,
				41904A3B26A99931003CEA7F /* example23.xcdatamodeld */,
				41904A4B26A9A650003CEA7F /* ReadViewController.swift */,
			);
			path = example23;
			sourceTree = "<group>";
		};
/* End PBXGroup section */

/* Begin PBXNativeTarget section */
		41904A2E26A99931003CEA7F /* example23 */ = {
			isa = PBXNativeTarget;
			buildConfigurationList = 41904A4626A9993B003CEA7F /* Build configuration list for PBXNativeTarget "example23" */;
			buildPhases = (
				41904A2B26A99931003CEA7F /* Sources */,
				41904A2C26A99931003CEA7F /* Frameworks */,
				41904A2D26A99931003CEA7F /* Resources */,
			);
			buildRules = (
			);
			dependencies = (
			);
			name = example23;
			productName = example23;
			productReference = 41904A2F26A99931003CEA7F /* example23.app */;
			productType = "com.apple.product-type.application";
		};
/* End PBXNativeTarget section */

/* Begin PBXProject section */
		41904A2726A99931003CEA7F /* Project object */ = {
			isa = PBXProject;
			attributes = {
				LastSwiftUpdateCheck = 1240;
				LastUpgradeCheck = 1240;
				TargetAttributes = {
					41904A2E26A99931003CEA7F = {
						CreatedOnToolsVersion = 12.4;
					};
				};
			};
			buildConfigurationList = 41904A2A26A99931003CEA7F /* Build configuration list for PBXProject "example23" */;
			compatibilityVersion = "Xcode 9.3";
			developmentRegion = en;
			hasScannedForEncodings = 0;
			knownRegions = (
				en,
				Base,
			);
			mainGroup = 41904A2626A99931003CEA7F;
			productRefGroup = 41904A3026A99931003CEA7F /* Products */;
			projectDirPath = "";
			projectRoot = "";
			targets = (
				41904A2E26A99931003CEA7F /* example23 */,
			);
		};
/* End PBXProject section */

/* Begin PBXResourcesBuildPhase section */
		41904A2D26A99931003CEA7F /* Resources */ = {
			isa = PBXResourcesBuildPhase;
			buildActionMask = 2147483647;
			files = (
				41904A4226A9993B003CEA7F /* LaunchScreen.storyboard in Resources */,
				41904A3F26A9993B003CEA7F /* Assets.xcassets in Resources */,
				41904A3A26A99931003CEA7F /* Main.storyboard in Resources */,
			);
			runOnlyForDeploymentPostprocessing = 0;
		};
/* End PBXResourcesBuildPhase section */

/* Begin PBXSourcesBuildPhase section */
		41904A2B26A99931003CEA7F /* Sources */ = {
			isa = PBXSourcesBuildPhase;
			buildActionMask = 2147483647;
			files = (
				41904A3726A99931003CEA7F /* ViewController.swift in Sources */,
				41904A3326A99931003CEA7F /* AppDelegate.swift in Sources */,
				41904A3526A99931003CEA7F /* SceneDelegate.swift in Sources */,
				41904A3D26A99931003CEA7F /* example23.xcdatamodeld in Sources */,
				41904A4C26A9A650003CEA7F /* ReadViewController.swift in Sources */,
			);
			runOnlyForDeploymentPostprocessing = 0;
		};
/* End PBXSourcesBuildPhase section */

/* Begin PBXVariantGroup section */
		41904A3826A99931003CEA7F /* Main.storyboard */ = {
			isa = PBXVariantGroup;
			children = (
				41904A3926A99931003CEA7F /* Base */,
			);
			name = Main.storyboard;
			sourceTree = "<group>";
		};
		41904A4026A9993B003CEA7F /* LaunchScreen.storyboard */ = {
			isa = PBXVariantGroup;
			children = (
				41904A4126A9993B003CEA7F /* Base */,
			);
			name = LaunchScreen.storyboard;
			sourceTree = "<group>";
		};
/* End PBXVariantGroup section */

/* Begin XCBuildConfiguration section */
		41904A4426A9993B003CEA7F /* Debug */ = {
			isa = XCBuildConfiguration;
			buildSettings = {
				ALWAYS_SEARCH_USER_PATHS = NO;
				CLANG_ANALYZER_NONNULL = YES;
				CLANG_ANALYZER_NUMBER_OBJECT_CONVERSION = YES_AGGRESSIVE;
				CLANG_CXX_LANGUAGE_STANDARD = "gnu++14";
				CLANG_CXX_LIBRARY = "libc++";
				CLANG_ENABLE_MODULES = YES;
				CLANG_ENABLE_OBJC_ARC = YES;
				CLANG_ENABLE_OBJC_WEAK = YES;
				CLANG_WARN_BLOCK_CAPTURE_AUTORELEASING = YES;
				CLANG_WARN_BOOL_CONVERSION = YES;
				CLANG_WARN_COMMA = YES;
				CLANG_WARN_CONSTANT_CONVERSION = YES;
				CLANG_WARN_DEPRECATED_OBJC_IMPLEMENTATIONS = YES;
				CLANG_WARN_DIRECT_OBJC_ISA_USAGE = YES_ERROR;
				CLANG_WARN_DOCUMENTATION_COMMENTS = YES;
				CLANG_WARN_EMPTY_BODY = YES;
				CLANG_WARN_ENUM_CONVERSION = YES;
				CLANG_WARN_INFINITE_RECURSION = YES;
				CLANG_WARN_INT_CONVERSION = YES;
				CLANG_WARN_NON_LITERAL_NULL_CONVERSION = YES;
				CLANG_WARN_OBJC_IMPLICIT_RETAIN_SELF = YES;
				CLANG_WARN_OBJC_LITERAL_CONVERSION = YES;
				CLANG_WARN_OBJC_ROOT_CLASS = YES_ERROR;
				CLANG_WARN_QUOTED_INCLUDE_IN_FRAMEWORK_HEADER = YES;
				CLANG_WARN_RANGE_LOOP_ANALYSIS = YES;
				CLANG_WARN_STRICT_PROTOTYPES = YES;
				CLANG_WARN_SUSPICIOUS_MOVE = YES;
				CLANG_WARN_UNGUARDED_AVAILABILITY = YES_AGGRESSIVE;
				CLANG_WARN_UNREACHABLE_CODE = YES;
				CLANG_WARN__DUPLICATE_METHOD_MATCH = YES;
				COPY_PHASE_STRIP = NO;
				DEBUG_INFORMATION_FORMAT = dwarf;
				ENABLE_STRICT_OBJC_MSGSEND = YES;
				ENABLE_TESTABILITY = YES;
				GCC_C_LANGUAGE_STANDARD = gnu11;
				GCC_DYNAMIC_NO_PIC = NO;
				GCC_NO_COMMON_BLOCKS = YES;
				GCC_OPTIMIZATION_LEVEL = 0;
				GCC_PREPROCESSOR_DEFINITIONS = (
					"DEBUG=1",
					"$(inherited)",
				);
				GCC_WARN_64_TO_32_BIT_CONVERSION = YES;
				GCC_WARN_ABOUT_RETURN_TYPE = YES_ERROR;
				GCC_WARN_UNDECLARED_SELECTOR = YES;
				GCC_WARN_UNINITIALIZED_AUTOS = YES_AGGRESSIVE;
				GCC_WARN_UNUSED_FUNCTION = YES;
				GCC_WARN_UNUSED_VARIABLE = YES;
				IPHONEOS_DEPLOYMENT_TARGET = 14.4;
				MTL_ENABLE_DEBUG_INFO = INCLUDE_SOURCE;
				MTL_FAST_MATH = YES;
				ONLY_ACTIVE_ARCH = YES;
				SDKROOT = iphoneos;
				SWIFT_ACTIVE_COMPILATION_CONDITIONS = DEBUG;
				SWIFT_OPTIMIZATION_LEVEL = "-Onone";
			};
			name = Debug;
		};
		41904A4526A9993B003CEA7F /* Release */ = {
			isa = XCBuildConfiguration;
			buildSettings = {
				ALWAYS_SEARCH_USER_PATHS = NO;
				CLANG_ANALYZER_NONNULL = YES;
				CLANG_ANALYZER_NUMBER_OBJECT_CONVERSION = YES_AGGRESSIVE;
				CLANG_CXX_LANGUAGE_STANDARD = "gnu++14";
				CLANG_CXX_LIBRARY = "libc++";
				CLANG_ENABLE_MODULES = YES;
				CLANG_ENABLE_OBJC_ARC = YES;
				CLANG_ENABLE_OBJC_WEAK = YES;
				CLANG_WARN_BLOCK_CAPTURE_AUTORELEASING = YES;
				CLANG_WARN_BOOL_CONVERSION = YES;
				CLANG_WARN_COMMA = YES;
				CLANG_WARN_CONSTANT_CONVERSION = YES;
				CLANG_WARN_DEPRECATED_OBJC_IMPLEMENTATIONS = YES;
				CLANG_WARN_DIRECT_OBJC_ISA_USAGE = YES_ERROR;
				CLANG_WARN_DOCUMENTATION_COMMENTS = YES;
				CLANG_WARN_EMPTY_BODY = YES;
				CLANG_WARN_ENUM_CONVERSION = YES;
				CLANG_WARN_INFINITE_RECURSION = YES;
				CLANG_WARN_INT_CONVERSION = YES;
				CLANG_WARN_NON_LITERAL_NULL_CONVERSION = YES;
				CLANG_WARN_OBJC_IMPLICIT_RETAIN_SELF = YES;
				CLANG_WARN_OBJC_LITERAL_CONVERSION = YES;
				CLANG_WARN_OBJC_ROOT_CLASS = YES_ERROR;
				CLANG_WARN_QUOTED_INCLUDE_IN_FRAMEWORK_HEADER = YES;
				CLANG_WARN_RANGE_LOOP_ANALYSIS = YES;
				CLANG_WARN_STRICT_PROTOTYPES = YES;
				CLANG_WARN_SUSPICIOUS_MOVE = YES;
				CLANG_WARN_UNGUARDED_AVAILABILITY = YES_AGGRESSIVE;
				CLANG_WARN_UNREACHABLE_CODE = YES;
				CLANG_WARN__DUPLICATE_METHOD_MATCH = YES;
				COPY_PHASE_STRIP = NO;
				DEBUG_INFORMATION_FORMAT = "dwarf-with-dsym";
				ENABLE_NS_ASSERTIONS = NO;
				ENABLE_STRICT_OBJC_MSGSEND = YES;
				GCC_C_LANGUAGE_STANDARD = gnu11;
				GCC_NO_COMMON_BLOCKS = YES;
				GCC_WARN_64_TO_32_BIT_CONVERSION = YES;
				GCC_WARN_ABOUT_RETURN_TYPE = YES_ERROR;
				GCC_WARN_UNDECLARED_SELECTOR = YES;
				GCC_WARN_UNINITIALIZED_AUTOS = YES_AGGRESSIVE;
				GCC_WARN_UNUSED_FUNCTION = YES;
				GCC_WARN_UNUSED_VARIABLE = YES;
				IPHONEOS_DEPLOYMENT_TARGET = 14.4;
				MTL_ENABLE_DEBUG_INFO = NO;
				MTL_FAST_MATH = YES;
				SDKROOT = iphoneos;
				SWIFT_COMPILATION_MODE = wholemodule;
				SWIFT_OPTIMIZATION_LEVEL = "-O";
				VALIDATE_PRODUCT = YES;
			};
			name = Release;
		};
		41904A4726A9993B003CEA7F /* Debug */ = {
			isa = XCBuildConfiguration;
			buildSettings = {
				ASSETCATALOG_COMPILER_APPICON_NAME = AppIcon;
				ASSETCATALOG_COMPILER_GLOBAL_ACCENT_COLOR_NAME = AccentColor;
				CODE_SIGN_STYLE = Automatic;
				INFOPLIST_FILE = example23/Info.plist;
				LD_RUNPATH_SEARCH_PATHS = (
					"$(inherited)",
					"@executable_path/Frameworks",
				);
				PRODUCT_BUNDLE_IDENTIFIER = com.yourcompany.example23;
				PRODUCT_NAME = "$(TARGET_NAME)";
				SWIFT_VERSION = 5.0;
				TARGETED_DEVICE_FAMILY = "1,2";
			};
			name = Debug;
		};
		41904A4826A9993B003CEA7F /* Release */ = {
			isa = XCBuildConfiguration;
			buildSettings = {
				ASSETCATALOG_COMPILER_APPICON_NAME = AppIcon;
				ASSETCATALOG_COMPILER_GLOBAL_ACCENT_COLOR_NAME = AccentColor;
				CODE_SIGN_STYLE = Automatic;
				INFOPLIST_FILE = example23/Info.plist;
				LD_RUNPATH_SEARCH_PATHS = (
					"$(inherited)",
					"@executable_path/Frameworks",
				);
				PRODUCT_BUNDLE_IDENTIFIER = com.yourcompany.example23;
				PRODUCT_NAME = "$(TARGET_NAME)";
				SWIFT_VERSION = 5.0;
				TARGETED_DEVICE_FAMILY = "1,2";
			};
			name = Release;
		};
/* End XCBuildConfiguration section */

/* Begin XCConfigurationList section */
		41904A2A26A99931003CEA7F /* Build configuration list for PBXProject "example23" */ = {
			isa = XCConfigurationList;
			buildConfigurations = (
				41904A4426A9993B003CEA7F /* Debug */,
				41904A4526A9993B003CEA7F /* Release */,
			);
			defaultConfigurationIsVisible = 0;
			defaultConfigurationName = Release;
		};
		41904A4626A9993B003CEA7F /* Build configuration list for PBXNativeTarget "example23" */ = {
			isa = XCConfigurationList;
			buildConfigurations = (
				41904A4726A9993B003CEA7F /* Debug */,
				41904A4826A9993B003CEA7F /* Release */,
			);
			defaultConfigurationIsVisible = 0;
			defaultConfigurationName = Release;
		};
/* End XCConfigurationList section */

/* Begin XCVersionGroup section */
		41904A3B26A99931003CEA7F /* example23.xcdatamodeld */ = {
			isa = XCVersionGroup;
			children = (
				41904A3C26A99931003CEA7F /* example23.xcdatamodel */,
			);
			currentVersion = 41904A3C26A99931003CEA7F /* example23.xcdatamodel */;
			path = example23.xcdatamodeld;
			sourceTree = "<group>";
			versionGroupType = wrapper.xcdatamodel;
		};
/* End XCVersionGroup section */
	};
	rootObject = 41904A2726A99931003CEA7F /* Project object */;
}
